
Microsoft Visual Studio Solution File, Format Version 12.00
# Visual Studio Version 16
VisualStudioVersion = 16.0.31321.278
MinimumVisualStudioVersion = 10.0.40219.1
Project("{9A19103F-16F7-4668-BE54-9A1E7A4F7556}") = "Proyecto_programación_web.Server", "Proyecto_programación_web\Server\Proyecto_programación_web.Server.csproj", "{C6F5AC53-42FE-4F9A-B720-461A62DE705F}"
EndProject
Project("{9A19103F-16F7-4668-BE54-9A1E7A4F7556}") = "Proyecto_programación_web.Client", "Proyecto_programación_web\Client\Proyecto_programación_web.Client.csproj", "{BF6A245E-FB0A-4B03-8AD3-F48BAECDAF84}"
EndProject
Project("{9A19103F-16F7-4668-BE54-9A1E7A4F7556}") = "Proyecto_programación_web.Shared", "Proyecto_programación_web\Shared\Proyecto_programación_web.Shared.csproj", "{6E60C8FC-4A94-4528-B043-4477C7DAFF8F}"
EndProject
Global
	GlobalSection(SolutionConfigurationPlatforms) = preSolution
		Debug|Any CPU = Debug|Any CPU
		Release|Any CPU = Release|Any CPU
	EndGlobalSection
	GlobalSection(ProjectConfigurationPlatforms) = postSolution
		{C6F5AC53-42FE-4F9A-B720-461A62DE705F}.Debug|Any CPU.ActiveCfg = Debug|Any CPU
		{C6F5AC53-42FE-4F9A-B720-461A62DE705F}.Debug|Any CPU.Build.0 = Debug|Any CPU
		{C6F5AC53-42FE-4F9A-B720-461A62DE705F}.Release|Any CPU.ActiveCfg = Release|Any CPU
		{C6F5AC53-42FE-4F9A-B720-461A62DE705F}.Release|Any CPU.Build.0 = Release|Any CPU
		{BF6A245E-FB0A-4B03-8AD3-F48BAECDAF84}.Debug|Any CPU.ActiveCfg = Debug|Any CPU
		{BF6A245E-FB0A-4B03-8AD3-F48BAECDAF84}.Debug|Any CPU.Build.0 = Debug|Any CPU
		{BF6A245E-FB0A-4B03-8AD3-F48BAECDAF84}.Release|Any CPU.ActiveCfg = Release|Any CPU
		{BF6A245E-FB0A-4B03-8AD3-F48BAECDAF84}.Release|Any CPU.Build.0 = Release|Any CPU
		{6E60C8FC-4A94-4528-B043-4477C7DAFF8F}.Debug|Any CPU.ActiveCfg = Debug|Any CPU
		{6E60C8FC-4A94-4528-B043-4477C7DAFF8F}.Debug|Any CPU.Build.0 = Debug|Any CPU
		{6E60C8FC-4A94-4528-B043-4477C7DAFF8F}.Release|Any CPU.ActiveCfg = Release|Any CPU
		{6E60C8FC-4A94-4528-B043-4477C7DAFF8F}.Release|Any CPU.Build.0 = Release|Any CPU
	EndGlobalSection
	GlobalSection(SolutionProperties) = preSolution
		HideSolutionNode = FALSE
	EndGlobalSection
	GlobalSection(ExtensibilityGlobals) = postSolution
		SolutionGuid = {5C1A16B4-480E-4F89-A3FC-0BD80F79BA96}
	EndGlobalSection
EndGlobal
